// !$*UTF8*$!
{
	archiveVersion = 1;
	classes = {
	};
	objectVersion = 55;
	objects = {

/* Begin PBXBuildFile section */
		580A8FC4E7D67EAF70BF674B /* Pods_RxDataSource_Practice.framework in Frameworks */ = {isa = PBXBuildFile; fileRef = 2DF60146453CFBB61D4DD7A8 /* Pods_RxDataSource_Practice.framework */; };
		ED052D512915160C00E79BB6 /* AppDelegate.swift in Sources */ = {isa = PBXBuildFile; fileRef = ED052D502915160C00E79BB6 /* AppDelegate.swift */; };
		ED052D532915160C00E79BB6 /* SceneDelegate.swift in Sources */ = {isa = PBXBuildFile; fileRef = ED052D522915160C00E79BB6 /* SceneDelegate.swift */; };
		ED052D552915160C00E79BB6 /* ViewController.swift in Sources */ = {isa = PBXBuildFile; fileRef = ED052D542915160C00E79BB6 /* ViewController.swift */; };
		ED052D582915160C00E79BB6 /* Main.storyboard in Resources */ = {isa = PBXBuildFile; fileRef = ED052D562915160C00E79BB6 /* Main.storyboard */; };
		ED052D5A2915160D00E79BB6 /* Assets.xcassets in Resources */ = {isa = PBXBuildFile; fileRef = ED052D592915160D00E79BB6 /* Assets.xcassets */; };
		ED052D5D2915160D00E79BB6 /* LaunchScreen.storyboard in Resources */ = {isa = PBXBuildFile; fileRef = ED052D5B2915160D00E79BB6 /* LaunchScreen.storyboard */; };
		ED052D672915245300E79BB6 /* ViewModel.swift in Sources */ = {isa = PBXBuildFile; fileRef = ED052D662915245300E79BB6 /* ViewModel.swift */; };
		ED052D69291524C400E79BB6 /* BoardCell.swift in Sources */ = {isa = PBXBuildFile; fileRef = ED052D68291524C300E79BB6 /* BoardCell.swift */; };
		ED052D6B291524D000E79BB6 /* BoardPost.swift in Sources */ = {isa = PBXBuildFile; fileRef = ED052D6A291524D000E79BB6 /* BoardPost.swift */; };
		ED052D6E291536E900E79BB6 /* BoardHeaderView.swift in Sources */ = {isa = PBXBuildFile; fileRef = ED052D6D291536E900E79BB6 /* BoardHeaderView.swift */; };
/* End PBXBuildFile section */

/* Begin PBXFileReference section */
		2DF60146453CFBB61D4DD7A8 /* Pods_RxDataSource_Practice.framework */ = {isa = PBXFileReference; explicitFileType = wrapper.framework; includeInIndex = 0; path = Pods_RxDataSource_Practice.framework; sourceTree = BUILT_PRODUCTS_DIR; };
		D909EFB799B15FBFD0B2E406 /* Pods-RxDataSource_Practice.release.xcconfig */ = {isa = PBXFileReference; includeInIndex = 1; lastKnownFileType = text.xcconfig; name = "Pods-RxDataSource_Practice.release.xcconfig"; path = "Target Support Files/Pods-RxDataSource_Practice/Pods-RxDataSource_Practice.release.xcconfig"; sourceTree = "<group>"; };
		EC42B44E49428EAC74013054 /* Pods-RxDataSource_Practice.debug.xcconfig */ = {isa = PBXFileReference; includeInIndex = 1; lastKnownFileType = text.xcconfig; name = "Pods-RxDataSource_Practice.debug.xcconfig"; path = "Target Support Files/Pods-RxDataSource_Practice/Pods-RxDataSource_Practice.debug.xcconfig"; sourceTree = "<group>"; };
		ED052D4D2915160C00E79BB6 /* RxDataSource_Practice.app */ = {isa = PBXFileReference; explicitFileType = wrapper.application; includeInIndex = 0; path = RxDataSource_Practice.app; sourceTree = BUILT_PRODUCTS_DIR; };
		ED052D502915160C00E79BB6 /* AppDelegate.swift */ = {isa = PBXFileReference; lastKnownFileType = sourcecode.swift; path = AppDelegate.swift; sourceTree = "<group>"; };
		ED052D522915160C00E79BB6 /* SceneDelegate.swift */ = {isa = PBXFileReference; lastKnownFileType = sourcecode.swift; path = SceneDelegate.swift; sourceTree = "<group>"; };
		ED052D542915160C00E79BB6 /* ViewController.swift */ = {isa = PBXFileReference; lastKnownFileType = sourcecode.swift; path = ViewController.swift; sourceTree = "<group>"; };
		ED052D572915160C00E79BB6 /* Base */ = {isa = PBXFileReference; lastKnownFileType = file.storyboard; name = Base; path = Base.lproj/Main.storyboard; sourceTree = "<group>"; };
		ED052D592915160D00E79BB6 /* Assets.xcassets */ = {isa = PBXFileReference; lastKnownFileType = folder.assetcatalog; path = Assets.xcassets; sourceTree = "<group>"; };
		ED052D5C2915160D00E79BB6 /* Base */ = {isa = PBXFileReference; lastKnownFileType = file.storyboard; name = Base; path = Base.lproj/LaunchScreen.storyboard; sourceTree = "<group>"; };
		ED052D5E2915160D00E79BB6 /* Info.plist */ = {isa = PBXFileReference; lastKnownFileType = text.plist.xml; path = Info.plist; sourceTree = "<group>"; };
		ED052D662915245300E79BB6 /* ViewModel.swift */ = {isa = PBXFileReference; lastKnownFileType = sourcecode.swift; path = ViewModel.swift; sourceTree = "<group>"; };
		ED052D68291524C300E79BB6 /* BoardCell.swift */ = {isa = PBXFileReference; fileEncoding = 4; lastKnownFileType = sourcecode.swift; path = BoardCell.swift; sourceTree = "<group>"; };
		ED052D6A291524D000E79BB6 /* BoardPost.swift */ = {isa = PBXFileReference; fileEncoding = 4; lastKnownFileType = sourcecode.swift; path = BoardPost.swift; sourceTree = "<group>"; };
		ED052D6D291536E900E79BB6 /* BoardHeaderView.swift */ = {isa = PBXFileReference; lastKnownFileType = sourcecode.swift; path = BoardHeaderView.swift; sourceTree = "<group>"; };
/* End PBXFileReference section */

/* Begin PBXFrameworksBuildPhase section */
		ED052D4A2915160C00E79BB6 /* Frameworks */ = {
			isa = PBXFrameworksBuildPhase;
			buildActionMask = 2147483647;
			files = (
				580A8FC4E7D67EAF70BF674B /* Pods_RxDataSource_Practice.framework in Frameworks */,
			);
			runOnlyForDeploymentPostprocessing = 0;
		};
/* End PBXFrameworksBuildPhase section */

/* Begin PBXGroup section */
		72A83A1B3BBBA41BEA4C32A8 /* Frameworks */ = {
			isa = PBXGroup;
			children = (
				2DF60146453CFBB61D4DD7A8 /* Pods_RxDataSource_Practice.framework */,
			);
			name = Frameworks;
			sourceTree = "<group>";
		};
		77674EEB239C52A4946D3324 /* Pods */ = {
			isa = PBXGroup;
			children = (
				EC42B44E49428EAC74013054 /* Pods-RxDataSource_Practice.debug.xcconfig */,
				D909EFB799B15FBFD0B2E406 /* Pods-RxDataSource_Practice.release.xcconfig */,
			);
			path = Pods;
			sourceTree = "<group>";
		};
		ED052D442915160C00E79BB6 = {
			isa = PBXGroup;
			children = (
				ED052D4F2915160C00E79BB6 /* RxDataSource_Practice */,
				ED052D4E2915160C00E79BB6 /* Products */,
				77674EEB239C52A4946D3324 /* Pods */,
				72A83A1B3BBBA41BEA4C32A8 /* Frameworks */,
			);
			sourceTree = "<group>";
		};
		ED052D4E2915160C00E79BB6 /* Products */ = {
			isa = PBXGroup;
			children = (
				ED052D4D2915160C00E79BB6 /* RxDataSource_Practice.app */,
			);
			name = Products;
			sourceTree = "<group>";
		};
		ED052D4F2915160C00E79BB6 /* RxDataSource_Practice */ = {
			isa = PBXGroup;
			children = (
				ED052D502915160C00E79BB6 /* AppDelegate.swift */,
				ED052D522915160C00E79BB6 /* SceneDelegate.swift */,
				ED052D542915160C00E79BB6 /* ViewController.swift */,
				ED052D662915245300E79BB6 /* ViewModel.swift */,
				ED052D68291524C300E79BB6 /* BoardCell.swift */,
				ED052D6D291536E900E79BB6 /* BoardHeaderView.swift */,
				ED052D6A291524D000E79BB6 /* BoardPost.swift */,
				ED052D562915160C00E79BB6 /* Main.storyboard */,
				ED052D592915160D00E79BB6 /* Assets.xcassets */,
				ED052D5B2915160D00E79BB6 /* LaunchScreen.storyboard */,
				ED052D5E2915160D00E79BB6 /* Info.plist */,
			);
			path = RxDataSource_Practice;
			sourceTree = "<group>";
		};
/* End PBXGroup section */

/* Begin PBXNativeTarget section */
		ED052D4C2915160C00E79BB6 /* RxDataSource_Practice */ = {
			isa = PBXNativeTarget;
			buildConfigurationList = ED052D612915160D00E79BB6 /* Build configuration list for PBXNativeTarget "RxDataSource_Practice" */;
			buildPhases = (
				D77297CB0203CBDFF9C0F18E /* [CP] Check Pods Manifest.lock */,
				ED052D492915160C00E79BB6 /* Sources */,
				ED052D4A2915160C00E79BB6 /* Frameworks */,
				ED052D4B2915160C00E79BB6 /* Resources */,
				784A2B4396BD813349E26763 /* [CP] Embed Pods Frameworks */,
			);
			buildRules = (
			);
			dependencies = (
			);
			name = RxDataSource_Practice;
			productName = RxDataSource_Practice;
			productReference = ED052D4D2915160C00E79BB6 /* RxDataSource_Practice.app */;
			productType = "com.apple.product-type.application";
		};
/* End PBXNativeTarget section */

/* Begin PBXProject section */
		ED052D452915160C00E79BB6 /* Project object */ = {
			isa = PBXProject;
			attributes = {
				BuildIndependentTargetsInParallel = 1;
				LastSwiftUpdateCheck = 1340;
				LastUpgradeCheck = 1340;
				TargetAttributes = {
					ED052D4C2915160C00E79BB6 = {
						CreatedOnToolsVersion = 13.4.1;
					};
				};
			};
			buildConfigurationList = ED052D482915160C00E79BB6 /* Build configuration list for PBXProject "RxDataSource_Practice" */;
			compatibilityVersion = "Xcode 13.0";
			developmentRegion = en;
			hasScannedForEncodings = 0;
			knownRegions = (
				en,
				Base,
			);
			mainGroup = ED052D442915160C00E79BB6;
			productRefGroup = ED052D4E2915160C00E79BB6 /* Products */;
			projectDirPath = "";
			projectRoot = "";
			targets = (
				ED052D4C2915160C00E79BB6 /* RxDataSource_Practice */,
			);
		};
/* End PBXProject section */

/* Begin PBXResourcesBuildPhase section */
		ED052D4B2915160C00E79BB6 /* Resources */ = {
			isa = PBXResourcesBuildPhase;
			buildActionMask = 2147483647;
			files = (
				ED052D5D2915160D00E79BB6 /* LaunchScreen.storyboard in Resources */,
				ED052D5A2915160D00E79BB6 /* Assets.xcassets in Resources */,
				ED052D582915160C00E79BB6 /* Main.storyboard in Resources */,
			);
			runOnlyForDeploymentPostprocessing = 0;
		};
/* End PBXResourcesBuildPhase section */

/* Begin PBXShellScriptBuildPhase section */
		784A2B4396BD813349E26763 /* [CP] Embed Pods Frameworks */ = {
			isa = PBXShellScriptBuildPhase;
			buildActionMask = 2147483647;
			files = (
			);
			inputFileListPaths = (
				"${PODS_ROOT}/Target Support Files/Pods-RxDataSource_Practice/Pods-RxDataSource_Practice-frameworks-${CONFIGURATION}-input-files.xcfilelist",
			);
			name = "[CP] Embed Pods Frameworks";
			outputFileListPaths = (
				"${PODS_ROOT}/Target Support Files/Pods-RxDataSource_Practice/Pods-RxDataSource_Practice-frameworks-${CONFIGURATION}-output-files.xcfilelist",
			);
			runOnlyForDeploymentPostprocessing = 0;
			shellPath = /bin/sh;
			shellScript = "\"${PODS_ROOT}/Target Support Files/Pods-RxDataSource_Practice/Pods-RxDataSource_Practice-frameworks.sh\"\n";
			showEnvVarsInLog = 0;
		};
		D77297CB0203CBDFF9C0F18E /* [CP] Check Pods Manifest.lock */ = {
			isa = PBXShellScriptBuildPhase;
			buildActionMask = 2147483647;
			files = (
			);
			inputFileListPaths = (
			);
			inputPaths = (
				"${PODS_PODFILE_DIR_PATH}/Podfile.lock",
				"${PODS_ROOT}/Manifest.lock",
			);
			name = "[CP] Check Pods Manifest.lock";
			outputFileListPaths = (
			);
			outputPaths = (
				"$(DERIVED_FILE_DIR)/Pods-RxDataSource_Practice-checkManifestLockResult.txt",
			);
			runOnlyForDeploymentPostprocessing = 0;
			shellPath = /bin/sh;
			shellScript = "diff \"${PODS_PODFILE_DIR_PATH}/Podfile.lock\" \"${PODS_ROOT}/Manifest.lock\" > /dev/null\nif [ $? != 0 ] ; then\n    # print error to STDERR\n    echo \"error: The sandbox is not in sync with the Podfile.lock. Run 'pod install' or update your CocoaPods installation.\" >&2\n    exit 1\nfi\n# This output is used by Xcode 'outputs' to avoid re-running this script phase.\necho \"SUCCESS\" > \"${SCRIPT_OUTPUT_FILE_0}\"\n";
			showEnvVarsInLog = 0;
		};
/* End PBXShellScriptBuildPhase section */

/* Begin PBXSourcesBuildPhase section */
		ED052D492915160C00E79BB6 /* Sources */ = {
			isa = PBXSourcesBuildPhase;
			buildActionMask = 2147483647;
			files = (
				ED052D6E291536E900E79BB6 /* BoardHeaderView.swift in Sources */,
				ED052D552915160C00E79BB6 /* ViewController.swift in Sources */,
				ED052D512915160C00E79BB6 /* AppDelegate.swift in Sources */,
				ED052D69291524C400E79BB6 /* BoardCell.swift in Sources */,
				ED052D672915245300E79BB6 /* ViewModel.swift in Sources */,
				ED052D6B291524D000E79BB6 /* BoardPost.swift in Sources */,
				ED052D532915160C00E79BB6 /* SceneDelegate.swift in Sources */,
			);
			runOnlyForDeploymentPostprocessing = 0;
		};
/* End PBXSourcesBuildPhase section */

/* Begin PBXVariantGroup section */
		ED052D562915160C00E79BB6 /* Main.storyboard */ = {
			isa = PBXVariantGroup;
			children = (
				ED052D572915160C00E79BB6 /* Base */,
			);
			name = Main.storyboard;
			sourceTree = "<group>";
		};
		ED052D5B2915160D00E79BB6 /* LaunchScreen.storyboard */ = {
			isa = PBXVariantGroup;
			children = (
				ED052D5C2915160D00E79BB6 /* Base */,
			);
			name = LaunchScreen.storyboard;
			sourceTree = "<group>";
		};
/* End PBXVariantGroup section */

/* Begin XCBuildConfiguration section */
		ED052D5F2915160D00E79BB6 /* Debug */ = {
			isa = XCBuildConfiguration;
			buildSettings = {
				ALWAYS_SEARCH_USER_PATHS = NO;
				CLANG_ANALYZER_NONNULL = YES;
				CLANG_ANALYZER_NUMBER_OBJECT_CONVERSION = YES_AGGRESSIVE;
				CLANG_CXX_LANGUAGE_STANDARD = "gnu++17";
				CLANG_ENABLE_MODULES = YES;
				CLANG_ENABLE_OBJC_ARC = YES;
				CLANG_ENABLE_OBJC_WEAK = YES;
				CLANG_WARN_BLOCK_CAPTURE_AUTORELEASING = YES;
				CLANG_WARN_BOOL_CONVERSION = YES;
				CLANG_WARN_COMMA = YES;
				CLANG_WARN_CONSTANT_CONVERSION = YES;
				CLANG_WARN_DEPRECATED_OBJC_IMPLEMENTATIONS = YES;
				CLANG_WARN_DIRECT_OBJC_ISA_USAGE = YES_ERROR;
				CLANG_WARN_DOCUMENTATION_COMMENTS = YES;
				CLANG_WARN_EMPTY_BODY = YES;
				CLANG_WARN_ENUM_CONVERSION = YES;
				CLANG_WARN_INFINITE_RECURSION = YES;
				CLANG_WARN_INT_CONVERSION = YES;
				CLANG_WARN_NON_LITERAL_NULL_CONVERSION = YES;
				CLANG_WARN_OBJC_IMPLICIT_RETAIN_SELF = YES;
				CLANG_WARN_OBJC_LITERAL_CONVERSION = YES;
				CLANG_WARN_OBJC_ROOT_CLASS = YES_ERROR;
				CLANG_WARN_QUOTED_INCLUDE_IN_FRAMEWORK_HEADER = YES;
				CLANG_WARN_RANGE_LOOP_ANALYSIS = YES;
				CLANG_WARN_STRICT_PROTOTYPES = YES;
				CLANG_WARN_SUSPICIOUS_MOVE = YES;
				CLANG_WARN_UNGUARDED_AVAILABILITY = YES_AGGRESSIVE;
				CLANG_WARN_UNREACHABLE_CODE = YES;
				CLANG_WARN__DUPLICATE_METHOD_MATCH = YES;
				COPY_PHASE_STRIP = NO;
				DEBUG_INFORMATION_FORMAT = dwarf;
				ENABLE_STRICT_OBJC_MSGSEND = YES;
				ENABLE_TESTABILITY = YES;
				GCC_C_LANGUAGE_STANDARD = gnu11;
				GCC_DYNAMIC_NO_PIC = NO;
				GCC_NO_COMMON_BLOCKS = YES;
				GCC_OPTIMIZATION_LEVEL = 0;
				GCC_PREPROCESSOR_DEFINITIONS = (
					"DEBUG=1",
					"$(inherited)",
				);
				GCC_WARN_64_TO_32_BIT_CONVERSION = YES;
				GCC_WARN_ABOUT_RETURN_TYPE = YES_ERROR;
				GCC_WARN_UNDECLARED_SELECTOR = YES;
				GCC_WARN_UNINITIALIZED_AUTOS = YES_AGGRESSIVE;
				GCC_WARN_UNUSED_FUNCTION = YES;
				GCC_WARN_UNUSED_VARIABLE = YES;
				IPHONEOS_DEPLOYMENT_TARGET = 15.5;
				MTL_ENABLE_DEBUG_INFO = INCLUDE_SOURCE;
				MTL_FAST_MATH = YES;
				ONLY_ACTIVE_ARCH = YES;
				SDKROOT = iphoneos;
				SWIFT_ACTIVE_COMPILATION_CONDITIONS = DEBUG;
				SWIFT_OPTIMIZATION_LEVEL = "-Onone";
			};
			name = Debug;
		};
		ED052D602915160D00E79BB6 /* Release */ = {
			isa = XCBuildConfiguration;
			buildSettings = {
				ALWAYS_SEARCH_USER_PATHS = NO;
				CLANG_ANALYZER_NONNULL = YES;
				CLANG_ANALYZER_NUMBER_OBJECT_CONVERSION = YES_AGGRESSIVE;
				CLANG_CXX_LANGUAGE_STANDARD = "gnu++17";
				CLANG_ENABLE_MODULES = YES;
				CLANG_ENABLE_OBJC_ARC = YES;
				CLANG_ENABLE_OBJC_WEAK = YES;
				CLANG_WARN_BLOCK_CAPTURE_AUTORELEASING = YES;
				CLANG_WARN_BOOL_CONVERSION = YES;
				CLANG_WARN_COMMA = YES;
				CLANG_WARN_CONSTANT_CONVERSION = YES;
				CLANG_WARN_DEPRECATED_OBJC_IMPLEMENTATIONS = YES;
				CLANG_WARN_DIRECT_OBJC_ISA_USAGE = YES_ERROR;
				CLANG_WARN_DOCUMENTATION_COMMENTS = YES;
				CLANG_WARN_EMPTY_BODY = YES;
				CLANG_WARN_ENUM_CONVERSION = YES;
				CLANG_WARN_INFINITE_RECURSION = YES;
				CLANG_WARN_INT_CONVERSION = YES;
				CLANG_WARN_NON_LITERAL_NULL_CONVERSION = YES;
				CLANG_WARN_OBJC_IMPLICIT_RETAIN_SELF = YES;
				CLANG_WARN_OBJC_LITERAL_CONVERSION = YES;
				CLANG_WARN_OBJC_ROOT_CLASS = YES_ERROR;
				CLANG_WARN_QUOTED_INCLUDE_IN_FRAMEWORK_HEADER = YES;
				CLANG_WARN_RANGE_LOOP_ANALYSIS = YES;
				CLANG_WARN_STRICT_PROTOTYPES = YES;
				CLANG_WARN_SUSPICIOUS_MOVE = YES;
				CLANG_WARN_UNGUARDED_AVAILABILITY = YES_AGGRESSIVE;
				CLANG_WARN_UNREACHABLE_CODE = YES;
				CLANG_WARN__DUPLICATE_METHOD_MATCH = YES;
				COPY_PHASE_STRIP = NO;
				DEBUG_INFORMATION_FORMAT = "dwarf-with-dsym";
				ENABLE_NS_ASSERTIONS = NO;
				ENABLE_STRICT_OBJC_MSGSEND = YES;
				GCC_C_LANGUAGE_STANDARD = gnu11;
				GCC_NO_COMMON_BLOCKS = YES;
				GCC_WARN_64_TO_32_BIT_CONVERSION = YES;
				GCC_WARN_ABOUT_RETURN_TYPE = YES_ERROR;
				GCC_WARN_UNDECLARED_SELECTOR = YES;
				GCC_WARN_UNINITIALIZED_AUTOS = YES_AGGRESSIVE;
				GCC_WARN_UNUSED_FUNCTION = YES;
				GCC_WARN_UNUSED_VARIABLE = YES;
				IPHONEOS_DEPLOYMENT_TARGET = 15.5;
				MTL_ENABLE_DEBUG_INFO = NO;
				MTL_FAST_MATH = YES;
				SDKROOT = iphoneos;
				SWIFT_COMPILATION_MODE = wholemodule;
				SWIFT_OPTIMIZATION_LEVEL = "-O";
				VALIDATE_PRODUCT = YES;
			};
			name = Release;
		};
		ED052D622915160D00E79BB6 /* Debug */ = {
			isa = XCBuildConfiguration;
			baseConfigurationReference = EC42B44E49428EAC74013054 /* Pods-RxDataSource_Practice.debug.xcconfig */;
			buildSettings = {
				ASSETCATALOG_COMPILER_APPICON_NAME = AppIcon;
				ASSETCATALOG_COMPILER_GLOBAL_ACCENT_COLOR_NAME = AccentColor;
				CODE_SIGN_STYLE = Automatic;
				CURRENT_PROJECT_VERSION = 1;
				DEVELOPMENT_TEAM = 82J7RU93V4;
				GENERATE_INFOPLIST_FILE = YES;
				INFOPLIST_FILE = RxDataSource_Practice/Info.plist;
				INFOPLIST_KEY_UIApplicationSupportsIndirectInputEvents = YES;
				INFOPLIST_KEY_UILaunchStoryboardName = LaunchScreen;
				INFOPLIST_KEY_UIMainStoryboardFile = Main;
				INFOPLIST_KEY_UISupportedInterfaceOrientations_iPad = "UIInterfaceOrientationPortrait UIInterfaceOrientationPortraitUpsideDown UIInterfaceOrientationLandscapeLeft UIInterfaceOrientationLandscapeRight";
				INFOPLIST_KEY_UISupportedInterfaceOrientations_iPhone = "UIInterfaceOrientationPortrait UIInterfaceOrientationLandscapeLeft UIInterfaceOrientationLandscapeRight";
				LD_RUNPATH_SEARCH_PATHS = (
					"$(inherited)",
					"@executable_path/Frameworks",
				);
				MARKETING_VERSION = 1.0;
				PRODUCT_BUNDLE_IDENTIFIER = "JongHoon.RxDataSource-Practice";
				PRODUCT_NAME = "$(TARGET_NAME)";
				SWIFT_EMIT_LOC_STRINGS = YES;
				SWIFT_VERSION = 5.0;
				TARGETED_DEVICE_FAMILY = "1,2";
			};
			name = Debug;
		};
		ED052D632915160D00E79BB6 /* Release */ = {
			isa = XCBuildConfiguration;
			baseConfigurationReference = D909EFB799B15FBFD0B2E406 /* Pods-RxDataSource_Practice.release.xcconfig */;
			buildSettings = {
				ASSETCATALOG_COMPILER_APPICON_NAME = AppIcon;
				ASSETCATALOG_COMPILER_GLOBAL_ACCENT_COLOR_NAME = AccentColor;
				CODE_SIGN_STYLE = Automatic;
				CURRENT_PROJECT_VERSION = 1;
				DEVELOPMENT_TEAM = 82J7RU93V4;
				GENERATE_INFOPLIST_FILE = YES;
				INFOPLIST_FILE = RxDataSource_Practice/Info.plist;
				INFOPLIST_KEY_UIApplicationSupportsIndirectInputEvents = YES;
				INFOPLIST_KEY_UILaunchStoryboardName = LaunchScreen;
				INFOPLIST_KEY_UIMainStoryboardFile = Main;
				INFOPLIST_KEY_UISupportedInterfaceOrientations_iPad = "UIInterfaceOrientationPortrait UIInterfaceOrientationPortraitUpsideDown UIInterfaceOrientationLandscapeLeft UIInterfaceOrientationLandscapeRight";
				INFOPLIST_KEY_UISupportedInterfaceOrientations_iPhone = "UIInterfaceOrientationPortrait UIInterfaceOrientationLandscapeLeft UIInterfaceOrientationLandscapeRight";
				LD_RUNPATH_SEARCH_PATHS = (
					"$(inherited)",
					"@executable_path/Frameworks",
				);
				MARKETING_VERSION = 1.0;
				PRODUCT_BUNDLE_IDENTIFIER = "JongHoon.RxDataSource-Practice";
				PRODUCT_NAME = "$(TARGET_NAME)";
				SWIFT_EMIT_LOC_STRINGS = YES;
				SWIFT_VERSION = 5.0;
				TARGETED_DEVICE_FAMILY = "1,2";
			};
			name = Release;
		};
/* End XCBuildConfiguration section */

/* Begin XCConfigurationList section */
		ED052D482915160C00E79BB6 /* Build configuration list for PBXProject "RxDataSource_Practice" */ = {
			isa = XCConfigurationList;
			buildConfigurations = (
				ED052D5F2915160D00E79BB6 /* Debug */,
				ED052D602915160D00E79BB6 /* Release */,
			);
			defaultConfigurationIsVisible = 0;
			defaultConfigurationName = Release;
		};
		ED052D612915160D00E79BB6 /* Build configuration list for PBXNativeTarget "RxDataSource_Practice" */ = {
			isa = XCConfigurationList;
			buildConfigurations = (
				ED052D622915160D00E79BB6 /* Debug */,
				ED052D632915160D00E79BB6 /* Release */,
			);
			defaultConfigurationIsVisible = 0;
			defaultConfigurationName = Release;
		};
/* End XCConfigurationList section */
	};
	rootObject = ED052D452915160C00E79BB6 /* Project object */;
}
